
Microsoft Visual Studio Solution File, Format Version 12.00
# Visual Studio Version 16
VisualStudioVersion = 16.0.29709.97
MinimumVisualStudioVersion = 10.0.40219.1
Project("{8BC9CEB8-8B4A-11D0-8D11-00A0C91BC942}") = "raylibluamore", "raylibluamore.vcxproj", "{C01B9408-8AF3-4BCE-BF60-49444A75FFCA}"
EndProject
Global
	GlobalSection(SolutionConfigurationPlatforms) = preSolution
		Debug|x64 = Debug|x64
		Debug|x86 = Debug|x86
		Release|x64 = Release|x64
		Release|x86 = Release|x86
	EndGlobalSection
	GlobalSection(ProjectConfigurationPlatforms) = postSolution
		{C01B9408-8AF3-4BCE-BF60-49444A75FFCA}.Debug|x64.ActiveCfg = Debug|x64
		{C01B9408-8AF3-4BCE-BF60-49444A75FFCA}.Debug|x64.Build.0 = Debug|x64
		{C01B9408-8AF3-4BCE-BF60-49444A75FFCA}.Debug|x86.ActiveCfg = Debug|Win32
		{C01B9408-8AF3-4BCE-BF60-49444A75FFCA}.Debug|x86.Build.0 = Debug|Win32
		{C01B9408-8AF3-4BCE-BF60-49444A75FFCA}.Release|x64.ActiveCfg = Release|x64
		{C01B9408-8AF3-4BCE-BF60-49444A75FFCA}.Release|x64.Build.0 = Release|x64
		{C01B9408-8AF3-4BCE-BF60-49444A75FFCA}.Release|x86.ActiveCfg = Release|Win32
		{C01B9408-8AF3-4BCE-BF60-49444A75FFCA}.Release|x86.Build.0 = Release|Win32
	EndGlobalSection
	GlobalSection(SolutionProperties) = preSolution
		HideSolutionNode = FALSE
	EndGlobalSection
	GlobalSection(ExtensibilityGlobals) = postSolution
		SolutionGuid = {580DBCFC-7DEA-4CC1-B06A-1837D8C38B49}
	EndGlobalSection
EndGlobal
